// !$*UTF8*$!
{
	archiveVersion = 1;
	classes = {
	};
	objectVersion = 46;
	objects = {

/* Begin PBXBuildFile section */
		8302AC6618F2B56E006A324B /* inquireViewController.m in Sources */ = {isa = PBXBuildFile; fileRef = 8302AC6418F2B56E006A324B /* inquireViewController.m */; };
		8302AC6718F2B56E006A324B /* inquireViewController.xib in Resources */ = {isa = PBXBuildFile; fileRef = 8302AC6518F2B56E006A324B /* inquireViewController.xib */; };
		83FFA16718922339001D4DE1 /* Foundation.framework in Frameworks */ = {isa = PBXBuildFile; fileRef = 83FFA16618922339001D4DE1 /* Foundation.framework */; };
		83FFA16918922339001D4DE1 /* CoreGraphics.framework in Frameworks */ = {isa = PBXBuildFile; fileRef = 83FFA16818922339001D4DE1 /* CoreGraphics.framework */; };
		83FFA16B18922339001D4DE1 /* UIKit.framework in Frameworks */ = {isa = PBXBuildFile; fileRef = 83FFA16A18922339001D4DE1 /* UIKit.framework */; };
		83FFA17118922339001D4DE1 /* InfoPlist.strings in Resources */ = {isa = PBXBuildFile; fileRef = 83FFA16F18922339001D4DE1 /* InfoPlist.strings */; };
		83FFA17318922339001D4DE1 /* main.m in Sources */ = {isa = PBXBuildFile; fileRef = 83FFA17218922339001D4DE1 /* main.m */; };
		83FFA17718922339001D4DE1 /* AppDelegate.m in Sources */ = {isa = PBXBuildFile; fileRef = 83FFA17618922339001D4DE1 /* AppDelegate.m */; };
		83FFA17A18922339001D4DE1 /* Main.storyboard in Resources */ = {isa = PBXBuildFile; fileRef = 83FFA17818922339001D4DE1 /* Main.storyboard */; };
		83FFA17D18922339001D4DE1 /* ViewController.m in Sources */ = {isa = PBXBuildFile; fileRef = 83FFA17C18922339001D4DE1 /* ViewController.m */; };
		83FFA17F18922339001D4DE1 /* Images.xcassets in Resources */ = {isa = PBXBuildFile; fileRef = 83FFA17E18922339001D4DE1 /* Images.xcassets */; };
		83FFA18618922339001D4DE1 /* XCTest.framework in Frameworks */ = {isa = PBXBuildFile; fileRef = 83FFA18518922339001D4DE1 /* XCTest.framework */; };
		83FFA18718922339001D4DE1 /* Foundation.framework in Frameworks */ = {isa = PBXBuildFile; fileRef = 83FFA16618922339001D4DE1 /* Foundation.framework */; };
		83FFA18818922339001D4DE1 /* UIKit.framework in Frameworks */ = {isa = PBXBuildFile; fileRef = 83FFA16A18922339001D4DE1 /* UIKit.framework */; };
		83FFA19018922339001D4DE1 /* InfoPlist.strings in Resources */ = {isa = PBXBuildFile; fileRef = 83FFA18E18922339001D4DE1 /* InfoPlist.strings */; };
		83FFA19218922339001D4DE1 /* idForwardTests.m in Sources */ = {isa = PBXBuildFile; fileRef = 83FFA19118922339001D4DE1 /* idForwardTests.m */; };
/* End PBXBuildFile section */

/* Begin PBXContainerItemProxy section */
		83FFA18918922339001D4DE1 /* PBXContainerItemProxy */ = {
			isa = PBXContainerItemProxy;
			containerPortal = 83FFA15B18922339001D4DE1 /* Project object */;
			proxyType = 1;
			remoteGlobalIDString = 83FFA16218922339001D4DE1;
			remoteInfo = idForward;
		};
/* End PBXContainerItemProxy section */

/* Begin PBXFileReference section */
		8302AC6318F2B56E006A324B /* inquireViewController.h */ = {isa = PBXFileReference; fileEncoding = 4; lastKnownFileType = sourcecode.c.h; path = inquireViewController.h; sourceTree = "<group>"; };
		8302AC6418F2B56E006A324B /* inquireViewController.m */ = {isa = PBXFileReference; fileEncoding = 4; lastKnownFileType = sourcecode.c.objc; path = inquireViewController.m; sourceTree = "<group>"; };
		8302AC6518F2B56E006A324B /* inquireViewController.xib */ = {isa = PBXFileReference; fileEncoding = 4; lastKnownFileType = file.xib; path = inquireViewController.xib; sourceTree = "<group>"; };
		83FFA16318922339001D4DE1 /* idForward.app */ = {isa = PBXFileReference; explicitFileType = wrapper.application; includeInIndex = 0; path = idForward.app; sourceTree = BUILT_PRODUCTS_DIR; };
		83FFA16618922339001D4DE1 /* Foundation.framework */ = {isa = PBXFileReference; lastKnownFileType = wrapper.framework; name = Foundation.framework; path = System/Library/Frameworks/Foundation.framework; sourceTree = SDKROOT; };
		83FFA16818922339001D4DE1 /* CoreGraphics.framework */ = {isa = PBXFileReference; lastKnownFileType = wrapper.framework; name = CoreGraphics.framework; path = System/Library/Frameworks/CoreGraphics.framework; sourceTree = SDKROOT; };
		83FFA16A18922339001D4DE1 /* UIKit.framework */ = {isa = PBXFileReference; lastKnownFileType = wrapper.framework; name = UIKit.framework; path = System/Library/Frameworks/UIKit.framework; sourceTree = SDKROOT; };
		83FFA16E18922339001D4DE1 /* idForward-Info.plist */ = {isa = PBXFileReference; lastKnownFileType = text.plist.xml; path = "idForward-Info.plist"; sourceTree = "<group>"; };
		83FFA17018922339001D4DE1 /* en */ = {isa = PBXFileReference; lastKnownFileType = text.plist.strings; name = en; path = en.lproj/InfoPlist.strings; sourceTree = "<group>"; };
		83FFA17218922339001D4DE1 /* main.m */ = {isa = PBXFileReference; lastKnownFileType = sourcecode.c.objc; path = main.m; sourceTree = "<group>"; };
		83FFA17418922339001D4DE1 /* idForward-Prefix.pch */ = {isa = PBXFileReference; lastKnownFileType = sourcecode.c.h; path = "idForward-Prefix.pch"; sourceTree = "<group>"; };
		83FFA17518922339001D4DE1 /* AppDelegate.h */ = {isa = PBXFileReference; lastKnownFileType = sourcecode.c.h; path = AppDelegate.h; sourceTree = "<group>"; };
		83FFA17618922339001D4DE1 /* AppDelegate.m */ = {isa = PBXFileReference; lastKnownFileType = sourcecode.c.objc; path = AppDelegate.m; sourceTree = "<group>"; };
		83FFA17918922339001D4DE1 /* Base */ = {isa = PBXFileReference; lastKnownFileType = file.storyboard; name = Base; path = Base.lproj/Main.storyboard; sourceTree = "<group>"; };
		83FFA17B18922339001D4DE1 /* ViewController.h */ = {isa = PBXFileReference; lastKnownFileType = sourcecode.c.h; path = ViewController.h; sourceTree = "<group>"; };
		83FFA17C18922339001D4DE1 /* ViewController.m */ = {isa = PBXFileReference; lastKnownFileType = sourcecode.c.objc; path = ViewController.m; sourceTree = "<group>"; };
		83FFA17E18922339001D4DE1 /* Images.xcassets */ = {isa = PBXFileReference; lastKnownFileType = folder.assetcatalog; path = Images.xcassets; sourceTree = "<group>"; };
		83FFA18418922339001D4DE1 /* idForwardTests.xctest */ = {isa = PBXFileReference; explicitFileType = wrapper.cfbundle; includeInIndex = 0; path = idForwardTests.xctest; sourceTree = BUILT_PRODUCTS_DIR; };
		83FFA18518922339001D4DE1 /* XCTest.framework */ = {isa = PBXFileReference; lastKnownFileType = wrapper.framework; name = XCTest.framework; path = Library/Frameworks/XCTest.framework; sourceTree = DEVELOPER_DIR; };
		83FFA18D18922339001D4DE1 /* idForwardTests-Info.plist */ = {isa = PBXFileReference; lastKnownFileType = text.plist.xml; path = "idForwardTests-Info.plist"; sourceTree = "<group>"; };
		83FFA18F18922339001D4DE1 /* en */ = {isa = PBXFileReference; lastKnownFileType = text.plist.strings; name = en; path = en.lproj/InfoPlist.strings; sourceTree = "<group>"; };
		83FFA19118922339001D4DE1 /* idForwardTests.m */ = {isa = PBXFileReference; lastKnownFileType = sourcecode.c.objc; path = idForwardTests.m; sourceTree = "<group>"; };
/* End PBXFileReference section */

/* Begin PBXFrameworksBuildPhase section */
		83FFA16018922339001D4DE1 /* Frameworks */ = {
			isa = PBXFrameworksBuildPhase;
			buildActionMask = 2147483647;
			files = (
				83FFA16918922339001D4DE1 /* CoreGraphics.framework in Frameworks */,
				83FFA16B18922339001D4DE1 /* UIKit.framework in Frameworks */,
				83FFA16718922339001D4DE1 /* Foundation.framework in Frameworks */,
			);
			runOnlyForDeploymentPostprocessing = 0;
		};
		83FFA18118922339001D4DE1 /* Frameworks */ = {
			isa = PBXFrameworksBuildPhase;
			buildActionMask = 2147483647;
			files = (
				83FFA18618922339001D4DE1 /* XCTest.framework in Frameworks */,
				83FFA18818922339001D4DE1 /* UIKit.framework in Frameworks */,
				83FFA18718922339001D4DE1 /* Foundation.framework in Frameworks */,
			);
			runOnlyForDeploymentPostprocessing = 0;
		};
/* End PBXFrameworksBuildPhase section */

/* Begin PBXGroup section */
		83FFA15A18922339001D4DE1 = {
			isa = PBXGroup;
			children = (
				83FFA16C18922339001D4DE1 /* idForward */,
				83FFA18B18922339001D4DE1 /* idForwardTests */,
				83FFA16518922339001D4DE1 /* Frameworks */,
				83FFA16418922339001D4DE1 /* Products */,
			);
			sourceTree = "<group>";
		};
		83FFA16418922339001D4DE1 /* Products */ = {
			isa = PBXGroup;
			children = (
				83FFA16318922339001D4DE1 /* idForward.app */,
				83FFA18418922339001D4DE1 /* idForwardTests.xctest */,
			);
			name = Products;
			sourceTree = "<group>";
		};
		83FFA16518922339001D4DE1 /* Frameworks */ = {
			isa = PBXGroup;
			children = (
				83FFA16618922339001D4DE1 /* Foundation.framework */,
				83FFA16818922339001D4DE1 /* CoreGraphics.framework */,
				83FFA16A18922339001D4DE1 /* UIKit.framework */,
				83FFA18518922339001D4DE1 /* XCTest.framework */,
			);
			name = Frameworks;
			sourceTree = "<group>";
		};
		83FFA16C18922339001D4DE1 /* idForward */ = {
			isa = PBXGroup;
			children = (
				83FFA17518922339001D4DE1 /* AppDelegate.h */,
				83FFA17618922339001D4DE1 /* AppDelegate.m */,
				83FFA17818922339001D4DE1 /* Main.storyboard */,
				83FFA17B18922339001D4DE1 /* ViewController.h */,
				83FFA17C18922339001D4DE1 /* ViewController.m */,
				83FFA17E18922339001D4DE1 /* Images.xcassets */,
				83FFA16D18922339001D4DE1 /* Supporting Files */,
				8302AC6318F2B56E006A324B /* inquireViewController.h */,
				8302AC6418F2B56E006A324B /* inquireViewController.m */,
				8302AC6518F2B56E006A324B /* inquireViewController.xib */,
			);
			path = idForward;
			sourceTree = "<group>";
		};
		83FFA16D18922339001D4DE1 /* Supporting Files */ = {
			isa = PBXGroup;
			children = (
				83FFA16E18922339001D4DE1 /* idForward-Info.plist */,
				83FFA16F18922339001D4DE1 /* InfoPlist.strings */,
				83FFA17218922339001D4DE1 /* main.m */,
				83FFA17418922339001D4DE1 /* idForward-Prefix.pch */,
			);
			name = "Supporting Files";
			sourceTree = "<group>";
		};
		83FFA18B18922339001D4DE1 /* idForwardTests */ = {
			isa = PBXGroup;
			children = (
				83FFA19118922339001D4DE1 /* idForwardTests.m */,
				83FFA18C18922339001D4DE1 /* Supporting Files */,
			);
			path = idForwardTests;
			sourceTree = "<group>";
		};
		83FFA18C18922339001D4DE1 /* Supporting Files */ = {
			isa = PBXGroup;
			children = (
				83FFA18D18922339001D4DE1 /* idForwardTests-Info.plist */,
				83FFA18E18922339001D4DE1 /* InfoPlist.strings */,
			);
			name = "Supporting Files";
			sourceTree = "<group>";
		};
/* End PBXGroup section */

/* Begin PBXNativeTarget section */
		83FFA16218922339001D4DE1 /* idForward */ = {
			isa = PBXNativeTarget;
			buildConfigurationList = 83FFA19518922339001D4DE1 /* Build configuration list for PBXNativeTarget "idForward" */;
			buildPhases = (
				83FFA15F18922339001D4DE1 /* Sources */,
				83FFA16018922339001D4DE1 /* Frameworks */,
				83FFA16118922339001D4DE1 /* Resources */,
			);
			buildRules = (
			);
			dependencies = (
			);
			name = idForward;
			productName = idForward;
			productReference = 83FFA16318922339001D4DE1 /* idForward.app */;
			productType = "com.apple.product-type.application";
		};
		83FFA18318922339001D4DE1 /* idForwardTests */ = {
			isa = PBXNativeTarget;
			buildConfigurationList = 83FFA19818922339001D4DE1 /* Build configuration list for PBXNativeTarget "idForwardTests" */;
			buildPhases = (
				83FFA18018922339001D4DE1 /* Sources */,
				83FFA18118922339001D4DE1 /* Frameworks */,
				83FFA18218922339001D4DE1 /* Resources */,
			);
			buildRules = (
			);
			dependencies = (
				83FFA18A18922339001D4DE1 /* PBXTargetDependency */,
			);
			name = idForwardTests;
			productName = idForwardTests;
			productReference = 83FFA18418922339001D4DE1 /* idForwardTests.xctest */;
			productType = "com.apple.product-type.bundle.unit-test";
		};
/* End PBXNativeTarget section */

/* Begin PBXProject section */
		83FFA15B18922339001D4DE1 /* Project object */ = {
			isa = PBXProject;
			attributes = {
				LastUpgradeCheck = 0500;
				ORGANIZATIONNAME = Gadga;
				TargetAttributes = {
					83FFA16218922339001D4DE1 = {
						DevelopmentTeam = FQJW2P2ZXE;
					};
					83FFA18318922339001D4DE1 = {
						TestTargetID = 83FFA16218922339001D4DE1;
					};
				};
			};
			buildConfigurationList = 83FFA15E18922339001D4DE1 /* Build configuration list for PBXProject "idForward" */;
			compatibilityVersion = "Xcode 3.2";
			developmentRegion = English;
			hasScannedForEncodings = 0;
			knownRegions = (
				en,
				Base,
			);
			mainGroup = 83FFA15A18922339001D4DE1;
			productRefGroup = 83FFA16418922339001D4DE1 /* Products */;
			projectDirPath = "";
			projectRoot = "";
			targets = (
				83FFA16218922339001D4DE1 /* idForward */,
				83FFA18318922339001D4DE1 /* idForwardTests */,
			);
		};
/* End PBXProject section */

/* Begin PBXResourcesBuildPhase section */
		83FFA16118922339001D4DE1 /* Resources */ = {
			isa = PBXResourcesBuildPhase;
			buildActionMask = 2147483647;
			files = (
				83FFA17F18922339001D4DE1 /* Images.xcassets in Resources */,
				83FFA17118922339001D4DE1 /* InfoPlist.strings in Resources */,
				8302AC6718F2B56E006A324B /* inquireViewController.xib in Resources */,
				83FFA17A18922339001D4DE1 /* Main.storyboard in Resources */,
			);
			runOnlyForDeploymentPostprocessing = 0;
		};
		83FFA18218922339001D4DE1 /* Resources */ = {
			isa = PBXResourcesBuildPhase;
			buildActionMask = 2147483647;
			files = (
				83FFA19018922339001D4DE1 /* InfoPlist.strings in Resources */,
			);
			runOnlyForDeploymentPostprocessing = 0;
		};
/* End PBXResourcesBuildPhase section */

/* Begin PBXSourcesBuildPhase section */
		83FFA15F18922339001D4DE1 /* Sources */ = {
			isa = PBXSourcesBuildPhase;
			buildActionMask = 2147483647;
			files = (
				83FFA17D18922339001D4DE1 /* ViewController.m in Sources */,
				83FFA17718922339001D4DE1 /* AppDelegate.m in Sources */,
				8302AC6618F2B56E006A324B /* inquireViewController.m in Sources */,
				83FFA17318922339001D4DE1 /* main.m in Sources */,
			);
			runOnlyForDeploymentPostprocessing = 0;
		};
		83FFA18018922339001D4DE1 /* Sources */ = {
			isa = PBXSourcesBuildPhase;
			buildActionMask = 2147483647;
			files = (
				83FFA19218922339001D4DE1 /* idForwardTests.m in Sources */,
			);
			runOnlyForDeploymentPostprocessing = 0;
		};
/* End PBXSourcesBuildPhase section */

/* Begin PBXTargetDependency section */
		83FFA18A18922339001D4DE1 /* PBXTargetDependency */ = {
			isa = PBXTargetDependency;
			target = 83FFA16218922339001D4DE1 /* idForward */;
			targetProxy = 83FFA18918922339001D4DE1 /* PBXContainerItemProxy */;
		};
/* End PBXTargetDependency section */

/* Begin PBXVariantGroup section */
		83FFA16F18922339001D4DE1 /* InfoPlist.strings */ = {
			isa = PBXVariantGroup;
			children = (
				83FFA17018922339001D4DE1 /* en */,
			);
			name = InfoPlist.strings;
			sourceTree = "<group>";
		};
		83FFA17818922339001D4DE1 /* Main.storyboard */ = {
			isa = PBXVariantGroup;
			children = (
				83FFA17918922339001D4DE1 /* Base */,
			);
			name = Main.storyboard;
			sourceTree = "<group>";
		};
		83FFA18E18922339001D4DE1 /* InfoPlist.strings */ = {
			isa = PBXVariantGroup;
			children = (
				83FFA18F18922339001D4DE1 /* en */,
			);
			name = InfoPlist.strings;
			sourceTree = "<group>";
		};
/* End PBXVariantGroup section */

/* Begin XCBuildConfiguration section */
		83FFA19318922339001D4DE1 /* Debug */ = {
			isa = XCBuildConfiguration;
			buildSettings = {
				ALWAYS_SEARCH_USER_PATHS = NO;
				ARCHS = "$(ARCHS_STANDARD_INCLUDING_64_BIT)";
				CLANG_CXX_LANGUAGE_STANDARD = "gnu++0x";
				CLANG_CXX_LIBRARY = "libc++";
				CLANG_ENABLE_MODULES = YES;
				CLANG_ENABLE_OBJC_ARC = YES;
				CLANG_WARN_BOOL_CONVERSION = YES;
				CLANG_WARN_CONSTANT_CONVERSION = YES;
				CLANG_WARN_DIRECT_OBJC_ISA_USAGE = YES_ERROR;
				CLANG_WARN_EMPTY_BODY = YES;
				CLANG_WARN_ENUM_CONVERSION = YES;
				CLANG_WARN_INT_CONVERSION = YES;
				CLANG_WARN_OBJC_ROOT_CLASS = YES_ERROR;
				CLANG_WARN__DUPLICATE_METHOD_MATCH = YES;
				"CODE_SIGN_IDENTITY[sdk=iphoneos*]" = "iPhone Developer";
				COPY_PHASE_STRIP = NO;
				GCC_C_LANGUAGE_STANDARD = gnu99;
				GCC_DYNAMIC_NO_PIC = NO;
				GCC_OPTIMIZATION_LEVEL = 0;
				GCC_PREPROCESSOR_DEFINITIONS = (
					"DEBUG=1",
					"$(inherited)",
				);
				GCC_SYMBOLS_PRIVATE_EXTERN = NO;
				GCC_WARN_64_TO_32_BIT_CONVERSION = YES;
				GCC_WARN_ABOUT_RETURN_TYPE = YES_ERROR;
				GCC_WARN_UNDECLARED_SELECTOR = YES;
				GCC_WARN_UNINITIALIZED_AUTOS = YES;
				GCC_WARN_UNUSED_FUNCTION = YES;
				GCC_WARN_UNUSED_VARIABLE = YES;
				IPHONEOS_DEPLOYMENT_TARGET = 7.0;
				ONLY_ACTIVE_ARCH = YES;
				SDKROOT = iphoneos;
			};
			name = Debug;
		};
		83FFA19418922339001D4DE1 /* Release */ = {
			isa = XCBuildConfiguration;
			buildSettings = {
				ALWAYS_SEARCH_USER_PATHS = NO;
				ARCHS = "$(ARCHS_STANDARD_INCLUDING_64_BIT)";
				CLANG_CXX_LANGUAGE_STANDARD = "gnu++0x";
				CLANG_CXX_LIBRARY = "libc++";
				CLANG_ENABLE_MODULES = YES;
				CLANG_ENABLE_OBJC_ARC = YES;
				CLANG_WARN_BOOL_CONVERSION = YES;
				CLANG_WARN_CONSTANT_CONVERSION = YES;
				CLANG_WARN_DIRECT_OBJC_ISA_USAGE = YES_ERROR;
				CLANG_WARN_EMPTY_BODY = YES;
				CLANG_WARN_ENUM_CONVERSION = YES;
				CLANG_WARN_INT_CONVERSION = YES;
				CLANG_WARN_OBJC_ROOT_CLASS = YES_ERROR;
				CLANG_WARN__DUPLICATE_METHOD_MATCH = YES;
				"CODE_SIGN_IDENTITY[sdk=iphoneos*]" = "iPhone Developer";
				COPY_PHASE_STRIP = YES;
				ENABLE_NS_ASSERTIONS = NO;
				GCC_C_LANGUAGE_STANDARD = gnu99;
				GCC_WARN_64_TO_32_BIT_CONVERSION = YES;
				GCC_WARN_ABOUT_RETURN_TYPE = YES_ERROR;
				GCC_WARN_UNDECLARED_SELECTOR = YES;
				GCC_WARN_UNINITIALIZED_AUTOS = YES;
				GCC_WARN_UNUSED_FUNCTION = YES;
				GCC_WARN_UNUSED_VARIABLE = YES;
				IPHONEOS_DEPLOYMENT_TARGET = 7.0;
				SDKROOT = iphoneos;
				VALIDATE_PRODUCT = YES;
			};
			name = Release;
		};
		83FFA19618922339001D4DE1 /* Debug */ = {
			isa = XCBuildConfiguration;
			buildSettings = {
				ASSETCATALOG_COMPILER_APPICON_NAME = AppIcon;
				CODE_SIGN_IDENTITY = "iPhone Developer";
				"CODE_SIGN_IDENTITY[sdk=iphoneos*]" = "iPhone Developer";
				GCC_PRECOMPILE_PREFIX_HEADER = YES;
				GCC_PREFIX_HEADER = "idForward/idForward-Prefix.pch";
				INFOPLIST_FILE = "idForward/idForward-Info.plist";
				IPHONEOS_DEPLOYMENT_TARGET = 7.0;
				PRODUCT_NAME = "$(TARGET_NAME)";
				PROVISIONING_PROFILE = "";
				TARGETED_DEVICE_FAMILY = 1;
				WRAPPER_EXTENSION = app;
			};
			name = Debug;
		};
		83FFA19718922339001D4DE1 /* Release */ = {
			isa = XCBuildConfiguration;
			buildSettings = {
				ASSETCATALOG_COMPILER_APPICON_NAME = AppIcon;
				CODE_SIGN_IDENTITY = "iPhone Developer";
				"CODE_SIGN_IDENTITY[sdk=iphoneos*]" = "iPhone Developer";
				GCC_PRECOMPILE_PREFIX_HEADER = YES;
				GCC_PREFIX_HEADER = "idForward/idForward-Prefix.pch";
				INFOPLIST_FILE = "idForward/idForward-Info.plist";
				IPHONEOS_DEPLOYMENT_TARGET = 7.0;
				PRODUCT_NAME = "$(TARGET_NAME)";
				PROVISIONING_PROFILE = "";
				TARGETED_DEVICE_FAMILY = 1;
				WRAPPER_EXTENSION = app;
			};
			name = Release;
		};
		83FFA19918922339001D4DE1 /* Debug */ = {
			isa = XCBuildConfiguration;
			buildSettings = {
				ARCHS = "$(ARCHS_STANDARD_INCLUDING_64_BIT)";
				BUNDLE_LOADER = "$(BUILT_PRODUCTS_DIR)/idForward.app/idForward";
				FRAMEWORK_SEARCH_PATHS = (
					"$(SDKROOT)/Developer/Library/Frameworks",
					"$(inherited)",
					"$(DEVELOPER_FRAMEWORKS_DIR)",
				);
				GCC_PRECOMPILE_PREFIX_HEADER = YES;
				GCC_PREFIX_HEADER = "idForward/idForward-Prefix.pch";
				GCC_PREPROCESSOR_DEFINITIONS = (
					"DEBUG=1",
					"$(inherited)",
				);
				INFOPLIST_FILE = "idForwardTests/idForwardTests-Info.plist";
				PRODUCT_NAME = "$(TARGET_NAME)";
				TEST_HOST = "$(BUNDLE_LOADER)";
				WRAPPER_EXTENSION = xctest;
			};
			name = Debug;
		};
		83FFA19A18922339001D4DE1 /* Release */ = {
			isa = XCBuildConfiguration;
			buildSettings = {
				ARCHS = "$(ARCHS_STANDARD_INCLUDING_64_BIT)";
				BUNDLE_LOADER = "$(BUILT_PRODUCTS_DIR)/idForward.app/idForward";
				FRAMEWORK_SEARCH_PATHS = (
					"$(SDKROOT)/Developer/Library/Frameworks",
					"$(inherited)",
					"$(DEVELOPER_FRAMEWORKS_DIR)",
				);
				GCC_PRECOMPILE_PREFIX_HEADER = YES;
				GCC_PREFIX_HEADER = "idForward/idForward-Prefix.pch";
				INFOPLIST_FILE = "idForwardTests/idForwardTests-Info.plist";
				PRODUCT_NAME = "$(TARGET_NAME)";
				TEST_HOST = "$(BUNDLE_LOADER)";
				WRAPPER_EXTENSION = xctest;
			};
			name = Release;
		};
/* End XCBuildConfiguration section */

/* Begin XCConfigurationList section */
		83FFA15E18922339001D4DE1 /* Build configuration list for PBXProject "idForward" */ = {
			isa = XCConfigurationList;
			buildConfigurations = (
				83FFA19318922339001D4DE1 /* Debug */,
				83FFA19418922339001D4DE1 /* Release */,
			);
			defaultConfigurationIsVisible = 0;
			defaultConfigurationName = Release;
		};
		83FFA19518922339001D4DE1 /* Build configuration list for PBXNativeTarget "idForward" */ = {
			isa = XCConfigurationList;
			buildConfigurations = (
				83FFA19618922339001D4DE1 /* Debug */,
				83FFA19718922339001D4DE1 /* Release */,
			);
			defaultConfigurationIsVisible = 0;
			defaultConfigurationName = Release;
		};
		83FFA19818922339001D4DE1 /* Build configuration list for PBXNativeTarget "idForwardTests" */ = {
			isa = XCConfigurationList;
			buildConfigurations = (
				83FFA19918922339001D4DE1 /* Debug */,
				83FFA19A18922339001D4DE1 /* Release */,
			);
			defaultConfigurationIsVisible = 0;
			defaultConfigurationName = Release;
		};
/* End XCConfigurationList section */
	};
	rootObject = 83FFA15B18922339001D4DE1 /* Project object */;
}
